
Microsoft Visual Studio Solution File, Format Version 12.00
# Visual Studio Version 17
VisualStudioVersion = 17.2.32218.54
MinimumVisualStudioVersion = 10.0.40219.1
Project("{9A19103F-16F7-4668-BE54-9A1E7A4F7556}") = "VolumeMixer.Server", "server\VolumeMixer.Server\VolumeMixer.Server.csproj", "{F29551D5-63CD-445B-9E5F-1D68F0D43A6B}"
EndProject
Project("{9A19103F-16F7-4668-BE54-9A1E7A4F7556}") = "VolumeMixer", "client\VolumeMixer.csproj", "{2B7926CE-6548-4714-A392-68300CB5D968}"
EndProject
Global
	GlobalSection(SolutionConfigurationPlatforms) = preSolution
		Debug|Any CPU = Debug|Any CPU
		Debug|iPhone = Debug|iPhone
		Debug|iPhoneSimulator = Debug|iPhoneSimulator
		Release|Any CPU = Release|Any CPU
		Release|iPhone = Release|iPhone
		Release|iPhoneSimulator = Release|iPhoneSimulator
	EndGlobalSection
	GlobalSection(ProjectConfigurationPlatforms) = postSolution
		{F29551D5-63CD-445B-9E5F-1D68F0D43A6B}.Debug|Any CPU.ActiveCfg = Debug|Any CPU
		{F29551D5-63CD-445B-9E5F-1D68F0D43A6B}.Debug|Any CPU.Build.0 = Debug|Any CPU
		{F29551D5-63CD-445B-9E5F-1D68F0D43A6B}.Debug|iPhone.ActiveCfg = Debug|Any CPU
		{F29551D5-63CD-445B-9E5F-1D68F0D43A6B}.Debug|iPhone.Build.0 = Debug|Any CPU
		{F29551D5-63CD-445B-9E5F-1D68F0D43A6B}.Debug|iPhoneSimulator.ActiveCfg = Debug|Any CPU
		{F29551D5-63CD-445B-9E5F-1D68F0D43A6B}.Debug|iPhoneSimulator.Build.0 = Debug|Any CPU
		{F29551D5-63CD-445B-9E5F-1D68F0D43A6B}.Release|Any CPU.ActiveCfg = Release|Any CPU
		{F29551D5-63CD-445B-9E5F-1D68F0D43A6B}.Release|Any CPU.Build.0 = Release|Any CPU
		{F29551D5-63CD-445B-9E5F-1D68F0D43A6B}.Release|iPhone.ActiveCfg = Release|Any CPU
		{F29551D5-63CD-445B-9E5F-1D68F0D43A6B}.Release|iPhone.Build.0 = Release|Any CPU
		{F29551D5-63CD-445B-9E5F-1D68F0D43A6B}.Release|iPhoneSimulator.ActiveCfg = Release|Any CPU
		{F29551D5-63CD-445B-9E5F-1D68F0D43A6B}.Release|iPhoneSimulator.Build.0 = Release|Any CPU
		{2B7926CE-6548-4714-A392-68300CB5D968}.Debug|Any CPU.ActiveCfg = Debug|Any CPU
		{2B7926CE-6548-4714-A392-68300CB5D968}.Debug|Any CPU.Build.0 = Debug|Any CPU
		{2B7926CE-6548-4714-A392-68300CB5D968}.Debug|Any CPU.Deploy.0 = Debug|Any CPU
		{2B7926CE-6548-4714-A392-68300CB5D968}.Debug|iPhone.ActiveCfg = Debug|Any CPU
		{2B7926CE-6548-4714-A392-68300CB5D968}.Debug|iPhone.Build.0 = Debug|Any CPU
		{2B7926CE-6548-4714-A392-68300CB5D968}.Debug|iPhone.Deploy.0 = Debug|Any CPU
		{2B7926CE-6548-4714-A392-68300CB5D968}.Debug|iPhoneSimulator.ActiveCfg = Debug|Any CPU
		{2B7926CE-6548-4714-A392-68300CB5D968}.Debug|iPhoneSimulator.Build.0 = Debug|Any CPU
		{2B7926CE-6548-4714-A392-68300CB5D968}.Debug|iPhoneSimulator.Deploy.0 = Debug|Any CPU
		{2B7926CE-6548-4714-A392-68300CB5D968}.Release|Any CPU.ActiveCfg = Release|Any CPU
		{2B7926CE-6548-4714-A392-68300CB5D968}.Release|Any CPU.Build.0 = Release|Any CPU
		{2B7926CE-6548-4714-A392-68300CB5D968}.Release|Any CPU.Deploy.0 = Release|Any CPU
		{2B7926CE-6548-4714-A392-68300CB5D968}.Release|iPhone.ActiveCfg = Release|Any CPU
		{2B7926CE-6548-4714-A392-68300CB5D968}.Release|iPhone.Build.0 = Release|Any CPU
		{2B7926CE-6548-4714-A392-68300CB5D968}.Release|iPhone.Deploy.0 = Release|Any CPU
		{2B7926CE-6548-4714-A392-68300CB5D968}.Release|iPhoneSimulator.ActiveCfg = Release|Any CPU
		{2B7926CE-6548-4714-A392-68300CB5D968}.Release|iPhoneSimulator.Build.0 = Release|Any CPU
		{2B7926CE-6548-4714-A392-68300CB5D968}.Release|iPhoneSimulator.Deploy.0 = Release|Any CPU
	EndGlobalSection
	GlobalSection(SolutionProperties) = preSolution
		HideSolutionNode = FALSE
	EndGlobalSection
	GlobalSection(ExtensibilityGlobals) = postSolution
		SolutionGuid = {BB009820-86E7-4F70-8987-F7416C54166B}
	EndGlobalSection
EndGlobal
